
Microsoft Visual Studio Solution File, Format Version 12.00
# Visual Studio Version 17
VisualStudioVersion = 17.13.35931.197
MinimumVisualStudioVersion = 10.0.40219.1
Project("{FAE04EC0-301F-11D3-BF4B-00C04F79EFBC}") = "WpfApp2", "WpfApp2\WpfApp2.csproj", "{FD2F3032-80D0-47DF-8277-FBFBF376E37B}"
EndProject
Global
	GlobalSection(SolutionConfigurationPlatforms) = preSolution
		Debug|Any CPU = Debug|Any CPU
		Release|Any CPU = Release|Any CPU
	EndGlobalSection
	GlobalSection(ProjectConfigurationPlatforms) = postSolution
		{FD2F3032-80D0-47DF-8277-FBFBF376E37B}.Debug|Any CPU.ActiveCfg = Debug|Any CPU
		{FD2F3032-80D0-47DF-8277-FBFBF376E37B}.Debug|Any CPU.Build.0 = Debug|Any CPU
		{FD2F3032-80D0-47DF-8277-FBFBF376E37B}.Release|Any CPU.ActiveCfg = Release|Any CPU
		{FD2F3032-80D0-47DF-8277-FBFBF376E37B}.Release|Any CPU.Build.0 = Release|Any CPU
	EndGlobalSection
	GlobalSection(SolutionProperties) = preSolution
		HideSolutionNode = FALSE
	EndGlobalSection
	GlobalSection(ExtensibilityGlobals) = postSolution
		SolutionGuid = {32499445-CAC6-4F23-949C-4D86A574BA1A}
	EndGlobalSection
EndGlobal
